
Microsoft Visual Studio Solution File, Format Version 12.00
# Visual Studio Version 17
VisualStudioVersion = 17.3.32901.215
MinimumVisualStudioVersion = 10.0.40219.1
Project("{FAE04EC0-301F-11D3-BF4B-00C04F79EFBC}") = "WindowsFormsApp1", "WindowsFormsApp1\WindowsFormsApp1.csproj", "{AD7AED35-0B2B-4D76-B2B6-A8B3FE3352DA}"
EndProject
Global
	GlobalSection(SolutionConfigurationPlatforms) = preSolution
		Debug|Any CPU = Debug|Any CPU
		Release|Any CPU = Release|Any CPU
	EndGlobalSection
	GlobalSection(ProjectConfigurationPlatforms) = postSolution
		{AD7AED35-0B2B-4D76-B2B6-A8B3FE3352DA}.Debug|Any CPU.ActiveCfg = Debug|Any CPU
		{AD7AED35-0B2B-4D76-B2B6-A8B3FE3352DA}.Debug|Any CPU.Build.0 = Debug|Any CPU
		{AD7AED35-0B2B-4D76-B2B6-A8B3FE3352DA}.Release|Any CPU.ActiveCfg = Release|Any CPU
		{AD7AED35-0B2B-4D76-B2B6-A8B3FE3352DA}.Release|Any CPU.Build.0 = Release|Any CPU
	EndGlobalSection
	GlobalSection(SolutionProperties) = preSolution
		HideSolutionNode = FALSE
	EndGlobalSection
	GlobalSection(ExtensibilityGlobals) = postSolution
		SolutionGuid = {7C56D1D8-D53B-4EF6-ADCE-BE3875584542}
	EndGlobalSection
EndGlobal
