
Microsoft Visual Studio Solution File, Format Version 12.00
# Visual Studio Version 17
VisualStudioVersion = 17.3.32901.215
MinimumVisualStudioVersion = 10.0.40219.1
Project("{FAE04EC0-301F-11D3-BF4B-00C04F79EFBC}") = "Taak3", "Taak3\Taak3.csproj", "{5184500D-D587-44E7-907D-EBDDC10DDD8C}"
EndProject
Global
	GlobalSection(SolutionConfigurationPlatforms) = preSolution
		Debug|Any CPU = Debug|Any CPU
		Release|Any CPU = Release|Any CPU
	EndGlobalSection
	GlobalSection(ProjectConfigurationPlatforms) = postSolution
		{5184500D-D587-44E7-907D-EBDDC10DDD8C}.Debug|Any CPU.ActiveCfg = Debug|Any CPU
		{5184500D-D587-44E7-907D-EBDDC10DDD8C}.Debug|Any CPU.Build.0 = Debug|Any CPU
		{5184500D-D587-44E7-907D-EBDDC10DDD8C}.Release|Any CPU.ActiveCfg = Release|Any CPU
		{5184500D-D587-44E7-907D-EBDDC10DDD8C}.Release|Any CPU.Build.0 = Release|Any CPU
	EndGlobalSection
	GlobalSection(SolutionProperties) = preSolution
		HideSolutionNode = FALSE
	EndGlobalSection
	GlobalSection(ExtensibilityGlobals) = postSolution
		SolutionGuid = {E3EECA28-B558-4A7B-8886-EFE629E02E0B}
	EndGlobalSection
EndGlobal
