
Microsoft Visual Studio Solution File, Format Version 12.00
# Visual Studio Version 17
VisualStudioVersion = 17.3.32901.215
MinimumVisualStudioVersion = 10.0.40219.1
Project("{FAE04EC0-301F-11D3-BF4B-00C04F79EFBC}") = "les5.1", "les5.1\les5.1.csproj", "{8BB64062-7EAD-41F6-B136-03B89CAB3B29}"
EndProject
Global
	GlobalSection(SolutionConfigurationPlatforms) = preSolution
		Debug|Any CPU = Debug|Any CPU
		Release|Any CPU = Release|Any CPU
	EndGlobalSection
	GlobalSection(ProjectConfigurationPlatforms) = postSolution
		{8BB64062-7EAD-41F6-B136-03B89CAB3B29}.Debug|Any CPU.ActiveCfg = Debug|Any CPU
		{8BB64062-7EAD-41F6-B136-03B89CAB3B29}.Debug|Any CPU.Build.0 = Debug|Any CPU
		{8BB64062-7EAD-41F6-B136-03B89CAB3B29}.Release|Any CPU.ActiveCfg = Release|Any CPU
		{8BB64062-7EAD-41F6-B136-03B89CAB3B29}.Release|Any CPU.Build.0 = Release|Any CPU
	EndGlobalSection
	GlobalSection(SolutionProperties) = preSolution
		HideSolutionNode = FALSE
	EndGlobalSection
	GlobalSection(ExtensibilityGlobals) = postSolution
		SolutionGuid = {59CEDE85-B5E4-40CF-956C-867DFE9C7DCA}
	EndGlobalSection
EndGlobal
