
Microsoft Visual Studio Solution File, Format Version 12.00
# Visual Studio Version 17
VisualStudioVersion = 17.3.32901.215
MinimumVisualStudioVersion = 10.0.40219.1
Project("{FAE04EC0-301F-11D3-BF4B-00C04F79EFBC}") = "les_4.1", "les_4.1\les_4.1.csproj", "{F54C6DF2-8536-4C7E-B6AC-6CA23CB62053}"
EndProject
Global
	GlobalSection(SolutionConfigurationPlatforms) = preSolution
		Debug|Any CPU = Debug|Any CPU
		Release|Any CPU = Release|Any CPU
	EndGlobalSection
	GlobalSection(ProjectConfigurationPlatforms) = postSolution
		{F54C6DF2-8536-4C7E-B6AC-6CA23CB62053}.Debug|Any CPU.ActiveCfg = Debug|Any CPU
		{F54C6DF2-8536-4C7E-B6AC-6CA23CB62053}.Debug|Any CPU.Build.0 = Debug|Any CPU
		{F54C6DF2-8536-4C7E-B6AC-6CA23CB62053}.Release|Any CPU.ActiveCfg = Release|Any CPU
		{F54C6DF2-8536-4C7E-B6AC-6CA23CB62053}.Release|Any CPU.Build.0 = Release|Any CPU
	EndGlobalSection
	GlobalSection(SolutionProperties) = preSolution
		HideSolutionNode = FALSE
	EndGlobalSection
	GlobalSection(ExtensibilityGlobals) = postSolution
		SolutionGuid = {097B449F-B578-4510-A21B-5D232F506DD5}
	EndGlobalSection
EndGlobal
